[[package]]
name = "appnope"
version = "0.1.0"
description = "Disable App Nap on OS X 10.9"
category = "main"
optional = false
python-versions = "*"

[[package]]
name = "astropy"
version = "3.2.1"
description = "Community-developed python astronomy tools"
category = "main"
optional = false
python-versions = ">=3.5"

[package.extras]
docs = ["sphinx-astropy"]

[[package]]
name = "backcall"
version = "0.1.0"
description = "Specifications for callback functions passed in to an API"
category = "main"
optional = false
python-versions = "*"

[[package]]
name = "colorama"
version = "0.4.1"
description = "Cross-platform colored terminal text."
category = "main"
optional = false
python-versions = ">=2.7, !=3.0.*, !=3.1.*, !=3.2.*, !=3.3.*"

[[package]]
name = "decorator"
version = "4.4.0"
description = "Better living through Python with decorators"
category = "main"
optional = false
python-versions = ">=2.6, !=3.0.*, !=3.1.*"

[[package]]
name = "django"
version = "2.2.21"
description = "A high-level Python Web framework that encourages rapid development and clean, pragmatic design."
category = "main"
optional = false
python-versions = ">=3.5"

[package.dependencies]
pytz = "*"
sqlparse = ">=0.2.2"

[package.extras]
argon2 = ["argon2-cffi (>=16.1.0)"]
bcrypt = ["bcrypt"]

[[package]]
name = "django-pandas"
version = "0.6.1"
description = "Tools for working with pydata.pandas in your Django projects"
category = "main"
optional = false
python-versions = "*"

[package.dependencies]
pandas = ">=0.14.1"

[[package]]
name = "ipdb"
version = "0.12"
description = "IPython-enabled pdb"
category = "main"
optional = false
python-versions = ">=2.7"

[package.dependencies]
ipython = {version = ">=5.1.0", markers = "python_version >= \"3.4\""}

[[package]]
name = "ipython"
version = "7.6.1"
description = "IPython: Productive Interactive Computing"
category = "main"
optional = false
python-versions = ">=3.5"

[package.dependencies]
appnope = {version = "*", markers = "sys_platform == \"darwin\""}
backcall = "*"
colorama = {version = "*", markers = "sys_platform == \"win32\""}
decorator = "*"
jedi = ">=0.10"
pexpect = {version = "*", markers = "sys_platform != \"win32\""}
pickleshare = "*"
prompt-toolkit = ">=2.0.0,<2.1.0"
pygments = "*"
traitlets = ">=4.2"
win-unicode-console = {version = ">=0.5", markers = "sys_platform == \"win32\" and python_version < \"3.6\""}

[package.extras]
all = ["ipywidgets", "notebook", "nose (>=0.10.1)", "nbformat", "nbconvert", "numpy", "qtconsole", "ipykernel", "requests", "testpath", "pygments", "ipyparallel", "Sphinx (>=1.3)"]
doc = ["Sphinx (>=1.3)"]
kernel = ["ipykernel"]
nbconvert = ["nbconvert"]
nbformat = ["nbformat"]
notebook = ["notebook", "ipywidgets"]
parallel = ["ipyparallel"]
qtconsole = ["qtconsole"]
test = ["nose (>=0.10.1)", "requests", "testpath", "pygments", "nbformat", "ipykernel", "numpy"]

[[package]]
name = "ipython-genutils"
version = "0.2.0"
description = "Vestigial utilities from IPython"
category = "main"
optional = false
python-versions = "*"

[[package]]
name = "jedi"
version = "0.14.0"
description = "An autocompletion tool for Python that can be used for text editors."
category = "main"
optional = false
python-versions = ">=2.7, !=3.0.*, !=3.1.*, !=3.2.*, !=3.3.*"

[package.dependencies]
parso = ">=0.3.0"

[package.extras]
testing = ["colorama", "docopt", "pytest (>=3.1.0)"]

[[package]]
name = "mysqlclient"
version = "1.4.2.post1"
description = "Python interface to MySQL"
category = "main"
optional = false
python-versions = "*"

[[package]]
name = "numpy"
version = "1.16.4"
description = "NumPy is the fundamental package for array computing with Python."
category = "main"
optional = false
python-versions = ">=2.7,!=3.0.*,!=3.1.*,!=3.2.*,!=3.3.*"

[[package]]
name = "pandas"
version = "0.24.2"
description = "Powerful data structures for data analysis, time series, and statistics"
category = "main"
optional = false
python-versions = ">=2.7,!=3.0.*,!=3.1.*,!=3.2.*,!=3.3.*,!=3.4.*"

[package.dependencies]
numpy = ">=1.12.0"
python-dateutil = ">=2.5.0"
pytz = ">=2011k"

[[package]]
name = "parso"
version = "0.5.0"
description = "A Python Parser"
category = "main"
optional = false
python-versions = "*"

[package.extras]
testing = ["docopt", "pytest (>=3.0.7)"]

[[package]]
name = "pexpect"
version = "4.7.0"
description = "Pexpect allows easy control of interactive console applications."
category = "main"
optional = false
python-versions = "*"

[package.dependencies]
ptyprocess = ">=0.5"

[[package]]
name = "pickleshare"
version = "0.7.5"
description = "Tiny 'shelve'-like database with concurrency support"
category = "main"
optional = false
python-versions = "*"

[[package]]
name = "prompt-toolkit"
version = "2.0.9"
description = "Library for building powerful interactive command lines in Python"
category = "main"
optional = false
python-versions = "*"

[package.dependencies]
six = ">=1.9.0"
wcwidth = "*"

[[package]]
name = "ptyprocess"
version = "0.6.0"
description = "Run a subprocess in a pseudo terminal"
category = "main"
optional = false
python-versions = "*"

[[package]]
name = "pygments"
version = "2.4.2"
description = "Pygments is a syntax highlighting package written in Python."
category = "main"
optional = false
python-versions = ">=2.7, !=3.0.*, !=3.1.*, !=3.2.*, !=3.3.*, !=3.4.*"

[[package]]
name = "python-dateutil"
version = "2.8.0"
description = "Extensions to the standard Python datetime module"
category = "main"
optional = false
python-versions = ">=2.7, !=3.0.*, !=3.1.*, !=3.2.*"

[package.dependencies]
six = ">=1.5"

[[package]]
name = "pytz"
version = "2019.1"
description = "World timezone definitions, modern and historical"
category = "main"
optional = false
python-versions = "*"

[[package]]
name = "six"
version = "1.12.0"
description = "Python 2 and 3 compatibility utilities"
category = "main"
optional = false
python-versions = ">=2.6, !=3.0.*, !=3.1.*"

[[package]]
name = "sqlparse"
version = "0.3.0"
description = "Non-validating SQL parser"
category = "main"
optional = false
python-versions = ">=2.7, !=3.0.*, !=3.1.*, !=3.2.*, !=3.3.*"

[[package]]
name = "tabulate"
version = "0.8.3"
description = "Pretty-print tabular data"
category = "main"
optional = false
python-versions = "*"

[package.extras]
widechars = ["wcwidth"]

[[package]]
name = "traitlets"
version = "4.3.2"
description = "Traitlets Python config system"
category = "main"
optional = false
python-versions = "*"

[package.dependencies]
decorator = "*"
ipython-genutils = "*"
six = "*"

[package.extras]
test = ["pytest", "mock"]

[[package]]
name = "wcwidth"
version = "0.1.7"
description = "Measures number of Terminal column cells of wide-character codes"
category = "main"
optional = false
python-versions = "*"

[[package]]
name = "win-unicode-console"
version = "0.5"
description = "Enable Unicode input and display when running Python from Windows console."
category = "main"
optional = false
python-versions = "*"

[metadata]
lock-version = "1.1"
python-versions = "^3.5"
content-hash = "7b432bd9add1ea0b7e909b96197f4cc51cdcc66daa9e50c22d58286e6d34ceb2"

[metadata.files]
appnope = [
    {file = "appnope-0.1.0-py2.py3-none-any.whl", hash = "sha256:5b26757dc6f79a3b7dc9fab95359328d5747fcb2409d331ea66d0272b90ab2a0"},
    {file = "appnope-0.1.0.tar.gz", hash = "sha256:8b995ffe925347a2138d7ac0fe77155e4311a0ea6d6da4f5128fe4b3cbe5ed71"},
]
astropy = [
    {file = "astropy-3.2.1-cp35-cp35m-macosx_10_6_intel.macosx_10_9_intel.macosx_10_9_x86_64.macosx_10_10_intel.macosx_10_10_x86_64.whl", hash = "sha256:7308e28c7c1f5e60d564bc6edeee56a8070fef0736dc5419e0fe17261af80e49"},
    {file = "astropy-3.2.1-cp35-cp35m-manylinux1_i686.whl", hash = "sha256:b5ca066e2831cdf376dc93d56be57f915ee2b290e9f66254d89b990ddc75f604"},
    {file = "astropy-3.2.1-cp35-cp35m-manylinux1_x86_64.whl", hash = "sha256:95788303b6ba5403a0de9f4eef713a75d62d21a9831e1bb939f912f11b7d3604"},
    {file = "astropy-3.2.1-cp35-cp35m-win32.whl", hash = "sha256:a77771092664bdea0755af9fb77cac7523b01138983751249cc7673489822d25"},
    {file = "astropy-3.2.1-cp35-cp35m-win_amd64.whl", hash = "sha256:ede59589859b5926d405a5e71c5454388f7b071ac6e9a1abad252e47c29ea1cf"},
    {file = "astropy-3.2.1-cp36-cp36m-macosx_10_6_intel.macosx_10_9_intel.macosx_10_9_x86_64.macosx_10_10_intel.macosx_10_10_x86_64.whl", hash = "sha256:a9e8073857895fba94590e763d5c9b4e7e19a24dec8c11708c5a6986a87d0d1a"},
    {file = "astropy-3.2.1-cp36-cp36m-manylinux1_i686.whl", hash = "sha256:11e169b4a4077e77821595d16927df0fa47b7c5b9ed9065e394374962b4bc58a"},
    {file = "astropy-3.2.1-cp36-cp36m-manylinux1_x86_64.whl", hash = "sha256:e642f0957ea0d48d7da7c7d0ff38d271eb71edfe5238033a5e5f16fafe06a5e2"},
    {file = "astropy-3.2.1-cp36-cp36m-win32.whl", hash = "sha256:25c001f8f5047d820be2cc4aa86750c6010a0f67871680d35d838ecde3e85288"},
    {file = "astropy-3.2.1-cp36-cp36m-win_amd64.whl", hash = "sha256:6f1efd2e9ba505d9faa05becddef410d9551a50af09f6fed05dababa28ab2ad5"},
    {file = "astropy-3.2.1-cp37-cp37m-macosx_10_6_intel.macosx_10_9_intel.macosx_10_9_x86_64.macosx_10_10_intel.macosx_10_10_x86_64.whl", hash = "sha256:069526e684f8297e97befdd352a51d09ca1274880fb39495c2afb52bb51aac45"},
    {file = "astropy-3.2.1-cp37-cp37m-manylinux1_i686.whl", hash = "sha256:839bef4f44541c469f70206b7e089fb93247d799d20f0ba0868d62375011d692"},
    {file = "astropy-3.2.1-cp37-cp37m-manylinux1_x86_64.whl", hash = "sha256:1fbb54f45c1ef44fc632e76b299af0f2932c87fd501b7161d684311892bddd14"},
    {file = "astropy-3.2.1-cp37-cp37m-win32.whl", hash = "sha256:02bdd19313110601d29d65f1a5cbcd735050f491bdeed516c062209302dcc9c3"},
    {file = "astropy-3.2.1-cp37-cp37m-win_amd64.whl", hash = "sha256:724bbacce4b72d4a4158d24ad3cafc7ac15f844a65128d03f674f93e36adf47c"},
    {file = "astropy-3.2.1.tar.gz", hash = "sha256:706c0457789c78285e5464a5a336f5f0b058d646d60f4e5f5ba1f7d5bf424b28"},
]
backcall = [
    {file = "backcall-0.1.0.tar.gz", hash = "sha256:38ecd85be2c1e78f77fd91700c76e14667dc21e2713b63876c0eb901196e01e4"},
    {file = "backcall-0.1.0.zip", hash = "sha256:bbbf4b1e5cd2bdb08f915895b51081c041bac22394fdfcfdfbe9f14b77c08bf2"},
]
colorama = [
    {file = "colorama-0.4.1-py2.py3-none-any.whl", hash = "sha256:f8ac84de7840f5b9c4e3347b3c1eaa50f7e49c2b07596221daec5edaabbd7c48"},
    {file = "colorama-0.4.1.tar.gz", hash = "sha256:05eed71e2e327246ad6b38c540c4a3117230b19679b875190486ddd2d721422d"},
]
decorator = [
    {file = "decorator-4.4.0-py2.py3-none-any.whl", hash = "sha256:f069f3a01830ca754ba5258fde2278454a0b5b79e0d7f5c13b3b97e57d4acff6"},
    {file = "decorator-4.4.0.tar.gz", hash = "sha256:86156361c50488b84a3f148056ea716ca587df2f0de1d34750d35c21312725de"},
]
django = [
    {file = "Django-2.2.21-py3-none-any.whl", hash = "sha256:7d8b61b6e7031a3c1a4aef29e2701849af0837f4f2062bc203077a0b46d51c2c"},
    {file = "Django-2.2.21.tar.gz", hash = "sha256:7460cfe3781d36d1625230267dad255deb33e9229e41f21e32b33b9d536d20cd"},
]
django-pandas = [
    {file = "django-pandas-0.6.1.tar.gz", hash = "sha256:788f4652012a67d2c5849191b01af58255f7af815ab612bebca019854235a9bc"},
    {file = "django_pandas-0.6.1-py2.py3-none-any.whl", hash = "sha256:738cc03ffb411eef3eb02334d1f5a5d40697099a92ac59eb39629c08a9c2d6fb"},
]
ipdb = [
    {file = "ipdb-0.12.tar.gz", hash = "sha256:dce2112557edfe759742ca2d0fee35c59c97b0cc7a05398b791079d78f1519ce"},
]
ipython = [
    {file = "ipython-7.6.1-py3-none-any.whl", hash = "sha256:60bc55c2c1d287161191cc2469e73c116d9b634cff25fe214a43cba7cec94c79"},
    {file = "ipython-7.6.1.tar.gz", hash = "sha256:11067ab11d98b1e6c7f0993506f7a5f8a91af420f7e82be6575fcb7a6ca372a0"},
]
ipython-genutils = [
    {file = "ipython_genutils-0.2.0-py2.py3-none-any.whl", hash = "sha256:72dd37233799e619666c9f639a9da83c34013a73e8bbc79a7a6348d93c61fab8"},
    {file = "ipython_genutils-0.2.0.tar.gz", hash = "sha256:eb2e116e75ecef9d4d228fdc66af54269afa26ab4463042e33785b887c628ba8"},
]
jedi = [
    {file = "jedi-0.14.0-py2.py3-none-any.whl", hash = "sha256:79d0f6595f3846dffcbe667cc6dc821b96e5baa8add125176c31a3917eb19d58"},
    {file = "jedi-0.14.0.tar.gz", hash = "sha256:49ccb782651bb6f7009810d17a3316f8867dde31654c750506970742e18b553d"},
]
mysqlclient = [
    {file = "mysqlclient-1.4.2.post1-cp36-cp36m-win_amd64.whl", hash = "sha256:425e733b05e359a714d6007c0fc44582be66b63e5a3df0a50949274ae16f4bc6"},
    {file = "mysqlclient-1.4.2.post1-cp37-cp37m-win_amd64.whl", hash = "sha256:62e4770b6a797b9416bcf70488365b7d6b9c9066878108499c559293bb464380"},
    {file = "mysqlclient-1.4.2.post1.tar.gz", hash = "sha256:f257d250f2675d0ef99bd318906f3cfc05cef4a2f385ea695ff32a3f04b9f9a7"},
]
numpy = [
    {file = "numpy-1.16.4-cp27-cp27m-macosx_10_6_intel.macosx_10_9_intel.macosx_10_9_x86_64.macosx_10_10_intel.macosx_10_10_x86_64.whl", hash = "sha256:b5554368e4ede1856121b0dfa35ce71768102e4aa55e526cb8de7f374ff78722"},
    {file = "numpy-1.16.4-cp27-cp27m-manylinux1_i686.whl", hash = "sha256:e8baab1bc7c9152715844f1faca6744f2416929de10d7639ed49555a85549f52"},
    {file = "numpy-1.16.4-cp27-cp27m-manylinux1_x86_64.whl", hash = "sha256:2a04dda79606f3d2f760384c38ccd3d5b9bb79d4c8126b67aff5eb09a253763e"},
    {file = "numpy-1.16.4-cp27-cp27m-win32.whl", hash = "sha256:94f5bd885f67bbb25c82d80184abbf7ce4f6c3c3a41fbaa4182f034bba803e69"},
    {file = "numpy-1.16.4-cp27-cp27m-win_amd64.whl", hash = "sha256:7dc253b542bfd4b4eb88d9dbae4ca079e7bf2e2afd819ee18891a43db66c60c7"},
    {file = "numpy-1.16.4-cp27-cp27mu-manylinux1_i686.whl", hash = "sha256:0778076e764e146d3078b17c24c4d89e0ecd4ac5401beff8e1c87879043a0633"},
    {file = "numpy-1.16.4-cp27-cp27mu-manylinux1_x86_64.whl", hash = "sha256:b0348be89275fd1d4c44ffa39530c41a21062f52299b1e3ee7d1c61f060044b8"},
    {file = "numpy-1.16.4-cp35-cp35m-macosx_10_6_intel.macosx_10_9_intel.macosx_10_9_x86_64.macosx_10_10_intel.macosx_10_10_x86_64.whl", hash = "sha256:52c40f1a4262c896420c6ea1c6fda62cf67070e3947e3307f5562bd783a90336"},
    {file = "numpy-1.16.4-cp35-cp35m-manylinux1_i686.whl", hash = "sha256:141c7102f20abe6cf0d54c4ced8d565b86df4d3077ba2343b61a6db996cefec7"},
    {file = "numpy-1.16.4-cp35-cp35m-manylinux1_x86_64.whl", hash = "sha256:6e4f8d9e8aa79321657079b9ac03f3cf3fd067bf31c1cca4f56d49543f4356a5"},
    {file = "numpy-1.16.4-cp35-cp35m-win32.whl", hash = "sha256:d79f18f41751725c56eceab2a886f021d70fd70a6188fd386e29a045945ffc10"},
    {file = "numpy-1.16.4-cp35-cp35m-win_amd64.whl", hash = "sha256:14270a1ee8917d11e7753fb54fc7ffd1934f4d529235beec0b275e2ccf00333b"},
    {file = "numpy-1.16.4-cp36-cp36m-macosx_10_6_intel.macosx_10_9_intel.macosx_10_9_x86_64.macosx_10_10_intel.macosx_10_10_x86_64.whl", hash = "sha256:a89e188daa119ffa0d03ce5123dee3f8ffd5115c896c2a9d4f0dbb3d8b95bfa3"},
    {file = "numpy-1.16.4-cp36-cp36m-manylinux1_i686.whl", hash = "sha256:ec31fe12668af687b99acf1567399632a7c47b0e17cfb9ae47c098644ef36797"},
    {file = "numpy-1.16.4-cp36-cp36m-manylinux1_x86_64.whl", hash = "sha256:27e11c7a8ec9d5838bc59f809bfa86efc8a4fd02e58960fa9c49d998e14332d5"},
    {file = "numpy-1.16.4-cp36-cp36m-win32.whl", hash = "sha256:dc2ca26a19ab32dc475dbad9dfe723d3a64c835f4c23f625c2b6566ca32b9f29"},
    {file = "numpy-1.16.4-cp36-cp36m-win_amd64.whl", hash = "sha256:ad3399da9b0ca36e2f24de72f67ab2854a62e623274607e37e0ce5f5d5fa9166"},
    {file = "numpy-1.16.4-cp37-cp37m-macosx_10_6_intel.macosx_10_9_intel.macosx_10_9_x86_64.macosx_10_10_intel.macosx_10_10_x86_64.whl", hash = "sha256:f58ac38d5ca045a377b3b377c84df8175ab992c970a53332fa8ac2373df44ff7"},
    {file = "numpy-1.16.4-cp37-cp37m-manylinux1_i686.whl", hash = "sha256:f12b4f7e2d8f9da3141564e6737d79016fe5336cc92de6814eba579744f65b0a"},
    {file = "numpy-1.16.4-cp37-cp37m-manylinux1_x86_64.whl", hash = "sha256:cbddc56b2502d3f87fda4f98d948eb5b11f36ff3902e17cb6cc44727f2200525"},
    {file = "numpy-1.16.4-cp37-cp37m-win32.whl", hash = "sha256:3c26010c1b51e1224a3ca6b8df807de6e95128b0908c7e34f190e7775455b0ca"},
    {file = "numpy-1.16.4-cp37-cp37m-win_amd64.whl", hash = "sha256:dd9bcd4f294eb0633bb33d1a74febdd2b9018b8b8ed325f861fffcd2c7660bb8"},
    {file = "numpy-1.16.4.zip", hash = "sha256:7242be12a58fec245ee9734e625964b97cf7e3f2f7d016603f9e56660ce479c7"},
]
pandas = [
    {file = "pandas-0.24.2-cp27-cp27m-macosx_10_6_intel.macosx_10_9_intel.macosx_10_9_x86_64.macosx_10_10_intel.macosx_10_10_x86_64.whl", hash = "sha256:17916d818592c9ec891cbef2e90f98cc85e0f1e89ed0924c9b5220dc3209c846"},
    {file = "pandas-0.24.2-cp27-cp27m-win32.whl", hash = "sha256:42e5ad741a0d09232efbc7fc648226ed93306551772fc8aecc6dce9f0e676794"},
    {file = "pandas-0.24.2-cp27-cp27m-win_amd64.whl", hash = "sha256:c9a4b7c55115eb278c19aa14b34fcf5920c8fe7797a09b7b053ddd6195ea89b3"},
    {file = "pandas-0.24.2-cp27-cp27mu-manylinux1_i686.whl", hash = "sha256:5149a6db3e74f23dc3f5a216c2c9ae2e12920aa2d4a5b77e44e5b804a5f93248"},
    {file = "pandas-0.24.2-cp27-cp27mu-manylinux1_x86_64.whl", hash = "sha256:cc8fc0c7a8d5951dc738f1c1447f71c43734244453616f32b8aa0ef6013a5dfb"},
    {file = "pandas-0.24.2-cp35-cp35m-macosx_10_6_intel.macosx_10_9_intel.macosx_10_9_x86_64.macosx_10_10_intel.macosx_10_10_x86_64.whl", hash = "sha256:17450e25ae69e2e6b303817bdf26b2cd57f69595d8550a77c308be0cd0fd58fa"},
    {file = "pandas-0.24.2-cp35-cp35m-manylinux1_i686.whl", hash = "sha256:366f30710172cb45a6b4f43b66c220653b1ea50303fbbd94e50571637ffb9167"},
    {file = "pandas-0.24.2-cp35-cp35m-manylinux1_x86_64.whl", hash = "sha256:4e718e7f395ba5bfe8b6f6aaf2ff1c65a09bb77a36af6394621434e7cc813204"},
    {file = "pandas-0.24.2-cp35-cp35m-win32.whl", hash = "sha256:8c872f7fdf3018b7891e1e3e86c55b190e6c5cee70cab771e8f246c855001296"},
    {file = "pandas-0.24.2-cp35-cp35m-win_amd64.whl", hash = "sha256:a3352bacac12e1fc646213b998bce586f965c9d431773d9e91db27c7c48a1f7d"},
    {file = "pandas-0.24.2-cp36-cp36m-macosx_10_6_intel.macosx_10_9_intel.macosx_10_9_x86_64.macosx_10_10_intel.macosx_10_10_x86_64.whl", hash = "sha256:d7b460bc316064540ce0c41c1438c416a40746fd8a4fb2999668bf18f3c4acf1"},
    {file = "pandas-0.24.2-cp36-cp36m-manylinux1_i686.whl", hash = "sha256:c1bd07ebc15285535f61ddd8c0c75d0d6293e80e1ee6d9a8d73f3f36954342d0"},
    {file = "pandas-0.24.2-cp36-cp36m-manylinux1_x86_64.whl", hash = "sha256:071e42b89b57baa17031af8c6b6bbd2e9a5c68c595bc6bf9adabd7a9ed125d3b"},
    {file = "pandas-0.24.2-cp36-cp36m-win32.whl", hash = "sha256:2538f099ab0e9f9c9d09bbcd94b47fd889bad06dc7ae96b1ed583f1dc1a7a822"},
    {file = "pandas-0.24.2-cp36-cp36m-win_amd64.whl", hash = "sha256:83c702615052f2a0a7fb1dd289726e29ec87a27272d775cb77affe749cca28f8"},
    {file = "pandas-0.24.2-cp37-cp37m-macosx_10_6_intel.macosx_10_9_intel.macosx_10_9_x86_64.macosx_10_10_intel.macosx_10_10_x86_64.whl", hash = "sha256:627594338d6dd995cfc0bacd8e654cd9e1252d2a7c959449228df6740d737eb8"},
    {file = "pandas-0.24.2-cp37-cp37m-manylinux1_x86_64.whl", hash = "sha256:4fe0d7e6438212e839fc5010c78b822664f1a824c0d263fd858f44131d9166e2"},
    {file = "pandas-0.24.2-cp37-cp37m-win32.whl", hash = "sha256:bcdd06007cca02d51350f96debe51331dec429ac8f93930a43eb8fb5639e3eb5"},
    {file = "pandas-0.24.2-cp37-cp37m-win_amd64.whl", hash = "sha256:90f116086063934afd51e61a802a943826d2aac572b2f7d55caaac51c13db5b5"},
    {file = "pandas-0.24.2.tar.gz", hash = "sha256:4f919f409c433577a501e023943e582c57355d50a724c589e78bc1d551a535a2"},
]
parso = [
    {file = "parso-0.5.0-py2.py3-none-any.whl", hash = "sha256:5052bb33be034cba784193e74b1cde6ebf29ae8b8c1e4ad94df0c4209bfc4826"},
    {file = "parso-0.5.0.tar.gz", hash = "sha256:db5881df1643bf3e66c097bfd8935cf03eae73f4cb61ae4433c9ea4fb6613446"},
]
pexpect = [
    {file = "pexpect-4.7.0-py2.py3-none-any.whl", hash = "sha256:2094eefdfcf37a1fdbfb9aa090862c1a4878e5c7e0e7e7088bdb511c558e5cd1"},
    {file = "pexpect-4.7.0.tar.gz", hash = "sha256:9e2c1fd0e6ee3a49b28f95d4b33bc389c89b20af6a1255906e90ff1262ce62eb"},
]
pickleshare = [
    {file = "pickleshare-0.7.5-py2.py3-none-any.whl", hash = "sha256:9649af414d74d4df115d5d718f82acb59c9d418196b7b4290ed47a12ce62df56"},
    {file = "pickleshare-0.7.5.tar.gz", hash = "sha256:87683d47965c1da65cdacaf31c8441d12b8044cdec9aca500cd78fc2c683afca"},
]
prompt-toolkit = [
    {file = "prompt_toolkit-2.0.9-py2-none-any.whl", hash = "sha256:977c6583ae813a37dc1c2e1b715892461fcbdaa57f6fc62f33a528c4886c8f55"},
    {file = "prompt_toolkit-2.0.9-py3-none-any.whl", hash = "sha256:11adf3389a996a6d45cc277580d0d53e8a5afd281d0c9ec71b28e6f121463780"},
    {file = "prompt_toolkit-2.0.9.tar.gz", hash = "sha256:2519ad1d8038fd5fc8e770362237ad0364d16a7650fb5724af6997ed5515e3c1"},
]
ptyprocess = [
    {file = "ptyprocess-0.6.0-py2.py3-none-any.whl", hash = "sha256:d7cc528d76e76342423ca640335bd3633420dc1366f258cb31d05e865ef5ca1f"},
    {file = "ptyprocess-0.6.0.tar.gz", hash = "sha256:923f299cc5ad920c68f2bc0bc98b75b9f838b93b599941a6b63ddbc2476394c0"},
]
pygments = [
    {file = "Pygments-2.4.2-py2.py3-none-any.whl", hash = "sha256:71e430bc85c88a430f000ac1d9b331d2407f681d6f6aec95e8bcfbc3df5b0127"},
    {file = "Pygments-2.4.2.tar.gz", hash = "sha256:881c4c157e45f30af185c1ffe8d549d48ac9127433f2c380c24b84572ad66297"},
]
python-dateutil = [
    {file = "python-dateutil-2.8.0.tar.gz", hash = "sha256:c89805f6f4d64db21ed966fda138f8a5ed7a4fdbc1a8ee329ce1b74e3c74da9e"},
    {file = "python_dateutil-2.8.0-py2.py3-none-any.whl", hash = "sha256:7e6584c74aeed623791615e26efd690f29817a27c73085b78e4bad02493df2fb"},
]
pytz = [
    {file = "pytz-2019.1-py2.py3-none-any.whl", hash = "sha256:303879e36b721603cc54604edcac9d20401bdbe31e1e4fdee5b9f98d5d31dfda"},
    {file = "pytz-2019.1.tar.gz", hash = "sha256:d747dd3d23d77ef44c6a3526e274af6efeb0a6f1afd5a69ba4d5be4098c8e141"},
]
six = [
    {file = "six-1.12.0-py2.py3-none-any.whl", hash = "sha256:3350809f0555b11f552448330d0b52d5f24c91a322ea4a15ef22629740f3761c"},
    {file = "six-1.12.0.tar.gz", hash = "sha256:d16a0141ec1a18405cd4ce8b4613101da75da0e9a7aec5bdd4fa804d0e0eba73"},
]
sqlparse = [
    {file = "sqlparse-0.3.0-py2.py3-none-any.whl", hash = "sha256:40afe6b8d4b1117e7dff5504d7a8ce07d9a1b15aeeade8a2d10f130a834f8177"},
    {file = "sqlparse-0.3.0.tar.gz", hash = "sha256:7c3dca29c022744e95b547e867cee89f4fce4373f3549ccd8797d8eb52cdb873"},
]
tabulate = [
    {file = "tabulate-0.8.3.tar.gz", hash = "sha256:8af07a39377cee1103a5c8b3330a421c2d99b9141e9cc5ddd2e3263fea416943"},
]
traitlets = [
    {file = "traitlets-4.3.2-py2.py3-none-any.whl", hash = "sha256:c6cb5e6f57c5a9bdaa40fa71ce7b4af30298fbab9ece9815b5d995ab6217c7d9"},
    {file = "traitlets-4.3.2.tar.gz", hash = "sha256:9c4bd2d267b7153df9152698efb1050a5d84982d3384a37b2c1f7723ba3e7835"},
]
wcwidth = [
    {file = "wcwidth-0.1.7-py2.py3-none-any.whl", hash = "sha256:f4ebe71925af7b40a864553f761ed559b43544f8f71746c2d756c7fe788ade7c"},
    {file = "wcwidth-0.1.7.tar.gz", hash = "sha256:3df37372226d6e63e1b1e1eda15c594bca98a22d33a23832a90998faa96bc65e"},
]
win-unicode-console = [
    {file = "win_unicode_console-0.5.zip", hash = "sha256:d4142d4d56d46f449d6f00536a73625a871cba040f0bc1a2e305a04578f07d1e"},
]
